{
    "_readme": [
        "This file locks the dependencies of your project to a known state",
        "Read more about it at https://getcomposer.org/doc/01-basic-usage.md#installing-dependencies",
        "This file is @generated automatically"
    ],
    "content-hash": "0c99e099d53256366842c7d19496703d",
    "packages": [
        {
            "name": "diversen/console-padding",
            "version": "v2.0.0",
            "source": {
                "type": "git",
                "url": "https://github.com/diversen/console-padding.git",
                "reference": "6b6bf84d6f6e41e5b54efd44b05af70ac84f9edf"
            },
            "dist": {
                "type": "zip",
                "url": "https://api.github.com/repos/diversen/console-padding/zipball/6b6bf84d6f6e41e5b54efd44b05af70ac84f9edf",
                "reference": "6b6bf84d6f6e41e5b54efd44b05af70ac84f9edf",
                "shasum": ""
            },
            "type": "library",
            "autoload": {
                "psr-4": {
                    "Diversen\\": ""
                }
            },
            "notification-url": "https://packagist.org/downloads/",
            "license": [
                "MIT"
            ],
            "authors": [
                {
                    "name": "Dennis Iversen",
                    "email": "dennis.iversen@gmail.com"
                }
            ],
            "description": "Very basic console padding",
            "homepage": "http://github.com/diversen/console-padding",
            "keywords": [
                "console",
                "padding"
            ],
            "support": {
                "issues": "https://github.com/diversen/console-padding/issues",
                "source": "https://github.com/diversen/console-padding/tree/v2.0.0"
            },
            "time": "2022-06-25T10:47:48+00:00"
        },
        {
            "name": "diversen/minimal-cli-framework",
            "version": "v6.1.3",
            "source": {
                "type": "git",
                "url": "https://github.com/diversen/minimal-cli-framework.git",
                "reference": "917dae289f969eaadfd9b9ada155c49ae719e71c"
            },
            "dist": {
                "type": "zip",
                "url": "https://api.github.com/repos/diversen/minimal-cli-framework/zipball/917dae289f969eaadfd9b9ada155c49ae719e71c",
                "reference": "917dae289f969eaadfd9b9ada155c49ae719e71c",
                "shasum": ""
            },
            "require": {
                "diversen/console-padding": "^2.0",
                "diversen/parse-argv": "^3.0",
                "php-parallel-lint/php-console-color": "^1.0"
            },
            "type": "library",
            "autoload": {
                "psr-4": {
                    "Diversen\\": ""
                }
            },
            "notification-url": "https://packagist.org/downloads/",
            "license": [
                "MIT"
            ],
            "authors": [
                {
                    "name": "Dennis Iversen",
                    "email": "dennis.iversen@gmail.com"
                }
            ],
            "description": "A very fast and simple CLI framework",
            "support": {
                "issues": "https://github.com/diversen/minimal-cli-framework/issues",
                "source": "https://github.com/diversen/minimal-cli-framework/tree/v6.1.3"
            },
            "time": "2023-01-03T16:33:20+00:00"
        },
        {
            "name": "diversen/parse-argv",
            "version": "v3.0.4",
            "source": {
                "type": "git",
                "url": "https://github.com/diversen/parse-argv.git",
                "reference": "87dfac35cce1ec86d289a603c25ede5623f896a2"
            },
            "dist": {
                "type": "zip",
                "url": "https://api.github.com/repos/diversen/parse-argv/zipball/87dfac35cce1ec86d289a603c25ede5623f896a2",
                "reference": "87dfac35cce1ec86d289a603c25ede5623f896a2",
                "shasum": ""
            },
            "require-dev": {
                "phpunit/phpunit": "^9.5"
            },
            "type": "library",
            "autoload": {
                "psr-4": {
                    "Diversen\\": ""
                }
            },
            "notification-url": "https://packagist.org/downloads/",
            "license": [
                "MIT"
            ],
            "authors": [
                {
                    "name": "Dennis Iversen",
                    "email": "dennis.iversen@gmail.com",
                    "homepage": "https://github.com/diversen",
                    "role": "Developer"
                }
            ],
            "description": "Parse argv and get options and arguments",
            "homepage": "http://github.com/diversen/parse-argv",
            "keywords": [
                "argv",
                "cli",
                "console"
            ],
            "support": {
                "issues": "https://github.com/diversen/parse-argv/issues",
                "source": "https://github.com/diversen/parse-argv/tree/v3.0.4"
            },
            "time": "2022-07-04T15:44:20+00:00"
        },
        {
            "name": "diversen/pebble-framework",
            "version": "v9.0.3",
            "source": {
                "type": "git",
                "url": "https://github.com/diversen/pebble-framework.git",
                "reference": "7325505a4c32d4d89321b2ff2eae8be22c76be83"
            },
            "dist": {
                "type": "zip",
                "url": "https://api.github.com/repos/diversen/pebble-framework/zipball/7325505a4c32d4d89321b2ff2eae8be22c76be83",
                "reference": "7325505a4c32d4d89321b2ff2eae8be22c76be83",
                "shasum": ""
            },
            "require": {
                "php": ">=8.1.0",
                "thecodingmachine/safe": "^2.4"
            },
            "require-dev": {
                "diversen/minimal-cli-framework": "^6.0",
                "diversen/simple-php-translation": "^3.0",
                "erusev/parsedown": "^1.7",
                "gregwar/captcha": "^1.1",
                "jasongrimes/paginator": "^1.0",
                "monolog/monolog": "^2.7",
                "phpmailer/phpmailer": "^6.0",
                "phpstan/phpstan": "^1.8",
                "phpunit/phpunit": "^9.5"
            },
            "type": "library",
            "autoload": {
                "psr-4": {
                    "Pebble\\": "src/"
                }
            },
            "notification-url": "https://packagist.org/downloads/",
            "license": [
                "MIT"
            ],
            "authors": [
                {
                    "name": "Dennis Iversen",
                    "email": "dennis.iversen@gmail.com",
                    "homepage": "https://github.com/diversen",
                    "role": "Developer"
                }
            ],
            "description": "A simple, small, and fast php framework",
            "homepage": "https://github.com/diversen/pebble-framework",
            "keywords": [
                "framework",
                "library"
            ],
            "support": {
                "issues": "https://github.com/diversen/pebble-framework/issues",
                "source": "https://github.com/diversen/pebble-framework/tree/v9.0.3"
            },
            "time": "2023-01-28T13:46:22+00:00"
        },
        {
            "name": "erusev/parsedown",
            "version": "1.7.4",
            "source": {
                "type": "git",
                "url": "https://github.com/erusev/parsedown.git",
                "reference": "cb17b6477dfff935958ba01325f2e8a2bfa6dab3"
            },
            "dist": {
                "type": "zip",
                "url": "https://api.github.com/repos/erusev/parsedown/zipball/cb17b6477dfff935958ba01325f2e8a2bfa6dab3",
                "reference": "cb17b6477dfff935958ba01325f2e8a2bfa6dab3",
                "shasum": ""
            },
            "require": {
                "ext-mbstring": "*",
                "php": ">=5.3.0"
            },
            "require-dev": {
                "phpunit/phpunit": "^4.8.35"
            },
            "type": "library",
            "autoload": {
                "psr-0": {
                    "Parsedown": ""
                }
            },
            "notification-url": "https://packagist.org/downloads/",
            "license": [
                "MIT"
            ],
            "authors": [
                {
                    "name": "Emanuil Rusev",
                    "email": "hello@erusev.com",
                    "homepage": "http://erusev.com"
                }
            ],
            "description": "Parser for Markdown.",
            "homepage": "http://parsedown.org",
            "keywords": [
                "markdown",
                "parser"
            ],
            "support": {
                "issues": "https://github.com/erusev/parsedown/issues",
                "source": "https://github.com/erusev/parsedown/tree/1.7.x"
            },
            "time": "2019-12-30T22:54:17+00:00"
        },
        {
            "name": "monolog/monolog",
            "version": "2.8.0",
            "source": {
                "type": "git",
                "url": "https://github.com/Seldaek/monolog.git",
                "reference": "720488632c590286b88b80e62aa3d3d551ad4a50"
            },
            "dist": {
                "type": "zip",
                "url": "https://api.github.com/repos/Seldaek/monolog/zipball/720488632c590286b88b80e62aa3d3d551ad4a50",
                "reference": "720488632c590286b88b80e62aa3d3d551ad4a50",
                "shasum": ""
            },
            "require": {
                "php": ">=7.2",
                "psr/log": "^1.0.1 || ^2.0 || ^3.0"
            },
            "provide": {
                "psr/log-implementation": "1.0.0 || 2.0.0 || 3.0.0"
            },
            "require-dev": {
                "aws/aws-sdk-php": "^2.4.9 || ^3.0",
                "doctrine/couchdb": "~1.0@dev",
                "elasticsearch/elasticsearch": "^7 || ^8",
                "ext-json": "*",
                "graylog2/gelf-php": "^1.4.2",
                "guzzlehttp/guzzle": "^7.4",
                "guzzlehttp/psr7": "^2.2",
                "mongodb/mongodb": "^1.8",
                "php-amqplib/php-amqplib": "~2.4 || ^3",
                "phpspec/prophecy": "^1.15",
                "phpstan/phpstan": "^0.12.91",
                "phpunit/phpunit": "^8.5.14",
                "predis/predis": "^1.1 || ^2.0",
                "rollbar/rollbar": "^1.3 || ^2 || ^3",
                "ruflin/elastica": "^7",
                "swiftmailer/swiftmailer": "^5.3|^6.0",
                "symfony/mailer": "^5.4 || ^6",
                "symfony/mime": "^5.4 || ^6"
            },
            "suggest": {
                "aws/aws-sdk-php": "Allow sending log messages to AWS services like DynamoDB",
                "doctrine/couchdb": "Allow sending log messages to a CouchDB server",
                "elasticsearch/elasticsearch": "Allow sending log messages to an Elasticsearch server via official client",
                "ext-amqp": "Allow sending log messages to an AMQP server (1.0+ required)",
                "ext-curl": "Required to send log messages using the IFTTTHandler, the LogglyHandler, the SendGridHandler, the SlackWebhookHandler or the TelegramBotHandler",
                "ext-mbstring": "Allow to work properly with unicode symbols",
                "ext-mongodb": "Allow sending log messages to a MongoDB server (via driver)",
                "ext-openssl": "Required to send log messages using SSL",
                "ext-sockets": "Allow sending log messages to a Syslog server (via UDP driver)",
                "graylog2/gelf-php": "Allow sending log messages to a GrayLog2 server",
                "mongodb/mongodb": "Allow sending log messages to a MongoDB server (via library)",
                "php-amqplib/php-amqplib": "Allow sending log messages to an AMQP server using php-amqplib",
                "rollbar/rollbar": "Allow sending log messages to Rollbar",
                "ruflin/elastica": "Allow sending log messages to an Elastic Search server"
            },
            "type": "library",
            "extra": {
                "branch-alias": {
                    "dev-main": "2.x-dev"
                }
            },
            "autoload": {
                "psr-4": {
                    "Monolog\\": "src/Monolog"
                }
            },
            "notification-url": "https://packagist.org/downloads/",
            "license": [
                "MIT"
            ],
            "authors": [
                {
                    "name": "Jordi Boggiano",
                    "email": "j.boggiano@seld.be",
                    "homepage": "https://seld.be"
                }
            ],
            "description": "Sends your logs to files, sockets, inboxes, databases and various web services",
            "homepage": "https://github.com/Seldaek/monolog",
            "keywords": [
                "log",
                "logging",
                "psr-3"
            ],
            "support": {
                "issues": "https://github.com/Seldaek/monolog/issues",
                "source": "https://github.com/Seldaek/monolog/tree/2.8.0"
            },
            "funding": [
                {
                    "url": "https://github.com/Seldaek",
                    "type": "github"
                },
                {
                    "url": "https://tidelift.com/funding/github/packagist/monolog/monolog",
                    "type": "tidelift"
                }
            ],
            "time": "2022-07-24T11:55:47+00:00"
        },
        {
            "name": "php-parallel-lint/php-console-color",
            "version": "v1.0.1",
            "source": {
                "type": "git",
                "url": "https://github.com/php-parallel-lint/PHP-Console-Color.git",
                "reference": "7adfefd530aa2d7570ba87100a99e2483a543b88"
            },
            "dist": {
                "type": "zip",
                "url": "https://api.github.com/repos/php-parallel-lint/PHP-Console-Color/zipball/7adfefd530aa2d7570ba87100a99e2483a543b88",
                "reference": "7adfefd530aa2d7570ba87100a99e2483a543b88",
                "shasum": ""
            },
            "require": {
                "php": ">=5.3.2"
            },
            "replace": {
                "jakub-onderka/php-console-color": "*"
            },
            "require-dev": {
                "php-parallel-lint/php-code-style": "^2.0",
                "php-parallel-lint/php-parallel-lint": "^1.0",
                "php-parallel-lint/php-var-dump-check": "0.*",
                "phpunit/phpunit": "^4.8.36 || ^5.7.21 || ^6.0 || ^7.0 || ^8.0 || ^9.0"
            },
            "type": "library",
            "autoload": {
                "psr-4": {
                    "PHP_Parallel_Lint\\PhpConsoleColor\\": "src/"
                }
            },
            "notification-url": "https://packagist.org/downloads/",
            "license": [
                "BSD-2-Clause"
            ],
            "authors": [
                {
                    "name": "Jakub Onderka",
                    "email": "jakub.onderka@gmail.com"
                }
            ],
            "description": "Simple library for creating colored console ouput.",
            "support": {
                "issues": "https://github.com/php-parallel-lint/PHP-Console-Color/issues",
                "source": "https://github.com/php-parallel-lint/PHP-Console-Color/tree/v1.0.1"
            },
            "time": "2021-12-25T06:49:29+00:00"
        },
        {
            "name": "phpmailer/phpmailer",
            "version": "v6.7.1",
            "source": {
                "type": "git",
                "url": "https://github.com/PHPMailer/PHPMailer.git",
                "reference": "49cd7ea3d2563f028d7811f06864a53b1f15ff55"
            },
            "dist": {
                "type": "zip",
                "url": "https://api.github.com/repos/PHPMailer/PHPMailer/zipball/49cd7ea3d2563f028d7811f06864a53b1f15ff55",
                "reference": "49cd7ea3d2563f028d7811f06864a53b1f15ff55",
                "shasum": ""
            },
            "require": {
                "ext-ctype": "*",
                "ext-filter": "*",
                "ext-hash": "*",
                "php": ">=5.5.0"
            },
            "require-dev": {
                "dealerdirect/phpcodesniffer-composer-installer": "^0.7.2",
                "doctrine/annotations": "^1.2.6 || ^1.13.3",
                "php-parallel-lint/php-console-highlighter": "^1.0.0",
                "php-parallel-lint/php-parallel-lint": "^1.3.2",
                "phpcompatibility/php-compatibility": "^9.3.5",
                "roave/security-advisories": "dev-latest",
                "squizlabs/php_codesniffer": "^3.7.1",
                "yoast/phpunit-polyfills": "^1.0.4"
            },
            "suggest": {
                "ext-mbstring": "Needed to send email in multibyte encoding charset or decode encoded addresses",
                "ext-openssl": "Needed for secure SMTP sending and DKIM signing",
                "greew/oauth2-azure-provider": "Needed for Microsoft Azure XOAUTH2 authentication",
                "hayageek/oauth2-yahoo": "Needed for Yahoo XOAUTH2 authentication",
                "league/oauth2-google": "Needed for Google XOAUTH2 authentication",
                "psr/log": "For optional PSR-3 debug logging",
                "symfony/polyfill-mbstring": "To support UTF-8 if the Mbstring PHP extension is not enabled (^1.2)",
                "thenetworg/oauth2-azure": "Needed for Microsoft XOAUTH2 authentication"
            },
            "type": "library",
            "autoload": {
                "psr-4": {
                    "PHPMailer\\PHPMailer\\": "src/"
                }
            },
            "notification-url": "https://packagist.org/downloads/",
            "license": [
                "LGPL-2.1-only"
            ],
            "authors": [
                {
                    "name": "Marcus Bointon",
                    "email": "phpmailer@synchromedia.co.uk"
                },
                {
                    "name": "Jim Jagielski",
                    "email": "jimjag@gmail.com"
                },
                {
                    "name": "Andy Prevost",
                    "email": "codeworxtech@users.sourceforge.net"
                },
                {
                    "name": "Brent R. Matzelle"
                }
            ],
            "description": "PHPMailer is a full-featured email creation and transfer class for PHP",
            "support": {
                "issues": "https://github.com/PHPMailer/PHPMailer/issues",
                "source": "https://github.com/PHPMailer/PHPMailer/tree/v6.7.1"
            },
            "funding": [
                {
                    "url": "https://github.com/Synchro",
                    "type": "github"
                }
            ],
            "time": "2022-12-08T13:30:06+00:00"
        },
        {
            "name": "psr/log",
            "version": "3.0.0",
            "source": {
                "type": "git",
                "url": "https://github.com/php-fig/log.git",
                "reference": "fe5ea303b0887d5caefd3d431c3e61ad47037001"
            },
            "dist": {
                "type": "zip",
                "url": "https://api.github.com/repos/php-fig/log/zipball/fe5ea303b0887d5caefd3d431c3e61ad47037001",
                "reference": "fe5ea303b0887d5caefd3d431c3e61ad47037001",
                "shasum": ""
            },
            "require": {
                "php": ">=8.0.0"
            },
            "type": "library",
            "extra": {
                "branch-alias": {
                    "dev-master": "3.x-dev"
                }
            },
            "autoload": {
                "psr-4": {
                    "Psr\\Log\\": "src"
                }
            },
            "notification-url": "https://packagist.org/downloads/",
            "license": [
                "MIT"
            ],
            "authors": [
                {
                    "name": "PHP-FIG",
                    "homepage": "https://www.php-fig.org/"
                }
            ],
            "description": "Common interface for logging libraries",
            "homepage": "https://github.com/php-fig/log",
            "keywords": [
                "log",
                "psr",
                "psr-3"
            ],
            "support": {
                "source": "https://github.com/php-fig/log/tree/3.0.0"
            },
            "time": "2021-07-14T16:46:02+00:00"
        },
        {
            "name": "thecodingmachine/safe",
            "version": "v2.4.0",
            "source": {
                "type": "git",
                "url": "https://github.com/thecodingmachine/safe.git",
                "reference": "e788f3d09dcd36f806350aedb77eac348fafadd3"
            },
            "dist": {
                "type": "zip",
                "url": "https://api.github.com/repos/thecodingmachine/safe/zipball/e788f3d09dcd36f806350aedb77eac348fafadd3",
                "reference": "e788f3d09dcd36f806350aedb77eac348fafadd3",
                "shasum": ""
            },
            "require": {
                "php": "^8.0"
            },
            "require-dev": {
                "phpstan/phpstan": "^1.5",
                "phpunit/phpunit": "^9.5",
                "squizlabs/php_codesniffer": "^3.2",
                "thecodingmachine/phpstan-strict-rules": "^1.0"
            },
            "type": "library",
            "extra": {
                "branch-alias": {
                    "dev-master": "2.2.x-dev"
                }
            },
            "autoload": {
                "files": [
                    "deprecated/apc.php",
                    "deprecated/array.php",
                    "deprecated/datetime.php",
                    "deprecated/libevent.php",
                    "deprecated/misc.php",
                    "deprecated/password.php",
                    "deprecated/mssql.php",
                    "deprecated/stats.php",
                    "deprecated/strings.php",
                    "lib/special_cases.php",
                    "deprecated/mysqli.php",
                    "generated/apache.php",
                    "generated/apcu.php",
                    "generated/array.php",
                    "generated/bzip2.php",
                    "generated/calendar.php",
                    "generated/classobj.php",
                    "generated/com.php",
                    "generated/cubrid.php",
                    "generated/curl.php",
                    "generated/datetime.php",
                    "generated/dir.php",
                    "generated/eio.php",
                    "generated/errorfunc.php",
                    "generated/exec.php",
                    "generated/fileinfo.php",
                    "generated/filesystem.php",
                    "generated/filter.php",
                    "generated/fpm.php",
                    "generated/ftp.php",
                    "generated/funchand.php",
                    "generated/gettext.php",
                    "generated/gmp.php",
                    "generated/gnupg.php",
                    "generated/hash.php",
                    "generated/ibase.php",
                    "generated/ibmDb2.php",
                    "generated/iconv.php",
                    "generated/image.php",
                    "generated/imap.php",
                    "generated/info.php",
                    "generated/inotify.php",
                    "generated/json.php",
                    "generated/ldap.php",
                    "generated/libxml.php",
                    "generated/lzf.php",
                    "generated/mailparse.php",
                    "generated/mbstring.php",
                    "generated/misc.php",
                    "generated/mysql.php",
                    "generated/network.php",
                    "generated/oci8.php",
                    "generated/opcache.php",
                    "generated/openssl.php",
                    "generated/outcontrol.php",
                    "generated/pcntl.php",
                    "generated/pcre.php",
                    "generated/pgsql.php",
                    "generated/posix.php",
                    "generated/ps.php",
                    "generated/pspell.php",
                    "generated/readline.php",
                    "generated/rpminfo.php",
                    "generated/rrd.php",
                    "generated/sem.php",
                    "generated/session.php",
                    "generated/shmop.php",
                    "generated/sockets.php",
                    "generated/sodium.php",
                    "generated/solr.php",
                    "generated/spl.php",
                    "generated/sqlsrv.php",
                    "generated/ssdeep.php",
                    "generated/ssh2.php",
                    "generated/stream.php",
                    "generated/strings.php",
                    "generated/swoole.php",
                    "generated/uodbc.php",
                    "generated/uopz.php",
                    "generated/url.php",
                    "generated/var.php",
                    "generated/xdiff.php",
                    "generated/xml.php",
                    "generated/xmlrpc.php",
                    "generated/yaml.php",
                    "generated/yaz.php",
                    "generated/zip.php",
                    "generated/zlib.php"
                ],
                "classmap": [
                    "lib/DateTime.php",
                    "lib/DateTimeImmutable.php",
                    "lib/Exceptions/",
                    "deprecated/Exceptions/",
                    "generated/Exceptions/"
                ]
            },
            "notification-url": "https://packagist.org/downloads/",
            "license": [
                "MIT"
            ],
            "description": "PHP core functions that throw exceptions instead of returning FALSE on error",
            "support": {
                "issues": "https://github.com/thecodingmachine/safe/issues",
                "source": "https://github.com/thecodingmachine/safe/tree/v2.4.0"
            },
            "time": "2022-10-07T14:02:17+00:00"
        }
    ],
    "packages-dev": [],
    "aliases": [],
    "minimum-stability": "stable",
    "stability-flags": [],
    "prefer-stable": false,
    "prefer-lowest": false,
    "platform": [],
    "platform-dev": [],
    "plugin-api-version": "2.3.0"
}
